<?xml version="1.0" encoding="utf-8"?>
<Project ToolsVersion="4.0" xmlns="http://schemas.microsoft.com/developer/msbuild/2003">
  <ItemGroup>
    <Filter Include="소스 파일">
      <UniqueIdentifier>{4FC737F1-C7A5-4376-A066-2A32D752A2FF}</UniqueIdentifier>
      <Extensions>cpp;c;cc;cxx;c++;cppm;ixx;def;odl;idl;hpj;bat;asm;asmx</Extensions>
    </Filter>
    <Filter Include="헤더 파일">
      <UniqueIdentifier>{93995380-89BD-4b04-88EB-625FBE52EBFB}</UniqueIdentifier>
      <Extensions>h;hh;hpp;hxx;h++;hm;inl;inc;ipp;xsd</Extensions>
    </Filter>
    <Filter Include="리소스 파일">
      <UniqueIdentifier>{67DA6AB6-F800-4c08-8B7A-83BB121AAD01}</UniqueIdentifier>
      <Extensions>rc;ico;cur;bmp;dlg;rc2;rct;bin;rgs;gif;jpg;jpeg;jpe;resx;tiff;tif;png;wav;mfcribbon-ms</Extensions>
    </Filter>
    <Filter Include="헤더 파일\BaseSystem">
      <UniqueIdentifier>{c914c22c-eb3c-4e87-b488-bab78e9e486c}</UniqueIdentifier>
    </Filter>
  </ItemGroup>
  <ItemGroup>
    <ClCompile Include="TextRPG_003 but 1007.cpp">
      <Filter>소스 파일</Filter>
    </ClCompile>
    <ClCompile Include="..\TextRPG003ClassFile\ContentsConst.cpp">
      <Filter>소스 파일</Filter>
    </ClCompile>
    <ClCompile Include="..\TextRPG003ClassFile\FightUnit.cpp">
      <Filter>소스 파일</Filter>
    </ClCompile>
    <ClCompile Include="..\TextRPG003ClassFile\FightZone.cpp">
      <Filter>소스 파일</Filter>
    </ClCompile>
    <ClCompile Include="..\TextRPG003ClassFile\Item.cpp">
      <Filter>소스 파일</Filter>
    </ClCompile>
    <ClCompile Include="..\TextRPG003ClassFile\Monster.cpp">
      <Filter>소스 파일</Filter>
    </ClCompile>
    <ClCompile Include="..\TextRPG003ClassFile\Object.cpp">
      <Filter>소스 파일</Filter>
    </ClCompile>
    <ClCompile Include="..\TextRPG003ClassFile\Player.cpp">
      <Filter>소스 파일</Filter>
    </ClCompile>
    <ClCompile Include="..\TextRPG003ClassFile\StatusUnit.cpp">
      <Filter>소스 파일</Filter>
    </ClCompile>
    <ClCompile Include="..\TextRPG003ClassFile\TextRPG003ClassFile.cpp">
      <Filter>소스 파일</Filter>
    </ClCompile>
    <ClCompile Include="..\TextRPG003ClassFile\Town.cpp">
      <Filter>소스 파일</Filter>
    </ClCompile>
    <ClCompile Include="..\TextRPG003ClassFile\World.cpp">
      <Filter>소스 파일</Filter>
    </ClCompile>
    <ClCompile Include="..\TextRPG003ClassFile\Zone.cpp">
      <Filter>소스 파일</Filter>
    </ClCompile>
    <ClCompile Include="..\BaseSystem\EngineDebug.cpp">
      <Filter>헤더 파일\BaseSystem</Filter>
    </ClCompile>
    <ClCompile Include="..\BaseSystem\EngineFile.cpp">
      <Filter>헤더 파일\BaseSystem</Filter>
    </ClCompile>
  </ItemGroup>
  <ItemGroup>
    <ClInclude Include="..\TextRPG003ClassFile\ContentsConst.h">
      <Filter>헤더 파일</Filter>
    </ClInclude>
    <ClInclude Include="..\TextRPG003ClassFile\FightUnit.h">
      <Filter>헤더 파일</Filter>
    </ClInclude>
    <ClInclude Include="..\TextRPG003ClassFile\FightZone.h">
      <Filter>헤더 파일</Filter>
    </ClInclude>
    <ClInclude Include="..\TextRPG003ClassFile\Item.h">
      <Filter>헤더 파일</Filter>
    </ClInclude>
    <ClInclude Include="..\TextRPG003ClassFile\Monster.h">
      <Filter>헤더 파일</Filter>
    </ClInclude>
    <ClInclude Include="..\TextRPG003ClassFile\Object.h">
      <Filter>헤더 파일</Filter>
    </ClInclude>
    <ClInclude Include="..\TextRPG003ClassFile\Player.h">
      <Filter>헤더 파일</Filter>
    </ClInclude>
    <ClInclude Include="..\TextRPG003ClassFile\StatusUnit.h">
      <Filter>헤더 파일</Filter>
    </ClInclude>
    <ClInclude Include="..\TextRPG003ClassFile\Town.h">
      <Filter>헤더 파일</Filter>
    </ClInclude>
    <ClInclude Include="..\TextRPG003ClassFile\World.h">
      <Filter>헤더 파일</Filter>
    </ClInclude>
    <ClInclude Include="..\TextRPG003ClassFile\Zone.h">
      <Filter>헤더 파일</Filter>
    </ClInclude>
    <ClInclude Include="..\BaseSystem\EngineDebug.h">
      <Filter>헤더 파일</Filter>
    </ClInclude>
    <ClInclude Include="..\BaseSystem\EngineFile.h">
      <Filter>헤더 파일</Filter>
    </ClInclude>
  </ItemGroup>
  <ItemGroup>
    <None Include="..\TextRPG003ClassFile\SaveFile.Dat" />
    <None Include="..\TextRPG003ClassFile\TextRPG003ClassFile.vcxproj" />
    <None Include="..\TextRPG003ClassFile\TextRPG003ClassFile.vcxproj.filters" />
    <None Include="..\BaseSystem\BaseSystem.vcxproj">
      <Filter>헤더 파일\BaseSystem</Filter>
    </None>
    <None Include="..\BaseSystem\BaseSystem.vcxproj.filters">
      <Filter>헤더 파일\BaseSystem</Filter>
    </None>
  </ItemGroup>
</Project>